
Microsoft Visual Studio Solution File, Format Version 12.00
# Visual Studio Version 16
VisualStudioVersion = 16.0.31205.134
MinimumVisualStudioVersion = 10.0.40219.1
Project("{FAE04EC0-301F-11D3-BF4B-00C04F79EFBC}") = "MovieAPI.App", "MovieAPI.App\MovieAPI.App.csproj", "{D78FDCF5-EC25-4D20-B570-9AEE5D4E6D7A}"
EndProject
Global
	GlobalSection(SolutionConfigurationPlatforms) = preSolution
		Debug|Any CPU = Debug|Any CPU
		Release|Any CPU = Release|Any CPU
	EndGlobalSection
	GlobalSection(ProjectConfigurationPlatforms) = postSolution
		{D78FDCF5-EC25-4D20-B570-9AEE5D4E6D7A}.Debug|Any CPU.ActiveCfg = Debug|Any CPU
		{D78FDCF5-EC25-4D20-B570-9AEE5D4E6D7A}.Debug|Any CPU.Build.0 = Debug|Any CPU
		{D78FDCF5-EC25-4D20-B570-9AEE5D4E6D7A}.Release|Any CPU.ActiveCfg = Release|Any CPU
		{D78FDCF5-EC25-4D20-B570-9AEE5D4E6D7A}.Release|Any CPU.Build.0 = Release|Any CPU
	EndGlobalSection
	GlobalSection(SolutionProperties) = preSolution
		HideSolutionNode = FALSE
	EndGlobalSection
	GlobalSection(ExtensibilityGlobals) = postSolution
		SolutionGuid = {E791DDD9-F307-4938-9F25-D224F1A3C9F6}
	EndGlobalSection
EndGlobal
